
Microsoft Visual Studio Solution File, Format Version 12.00
# Visual Studio 15
Project("{FAE04EC0-301F-11D3-BF4B-00C04F79EFBC}") = "NewUnityProject", "NewUnityProject.csproj", "{8E843FF5-084F-C4F4-A849-BDE556774EF5}"
EndProject
Project("{FAE04EC0-301F-11D3-BF4B-00C04F79EFBC}") = "NewUnityProject.Editor", "NewUnityProject.Editor.csproj", "{F856867C-33E6-4E66-5B5B-C222F374C027}"
EndProject
Global
	GlobalSection(SolutionConfigurationPlatforms) = preSolution
		Debug|Any CPU = Debug|Any CPU
		Release|Any CPU = Release|Any CPU
	EndGlobalSection
	GlobalSection(ProjectConfigurationPlatforms) = postSolution
		{8E843FF5-084F-C4F4-A849-BDE556774EF5}.Debug|Any CPU.ActiveCfg = Debug|Any CPU
		{8E843FF5-084F-C4F4-A849-BDE556774EF5}.Debug|Any CPU.Build.0 = Debug|Any CPU
		{8E843FF5-084F-C4F4-A849-BDE556774EF5}.Release|Any CPU.ActiveCfg = Release|Any CPU
		{8E843FF5-084F-C4F4-A849-BDE556774EF5}.Release|Any CPU.Build.0 = Release|Any CPU
		{F856867C-33E6-4E66-5B5B-C222F374C027}.Debug|Any CPU.ActiveCfg = Debug|Any CPU
		{F856867C-33E6-4E66-5B5B-C222F374C027}.Debug|Any CPU.Build.0 = Debug|Any CPU
		{F856867C-33E6-4E66-5B5B-C222F374C027}.Release|Any CPU.ActiveCfg = Release|Any CPU
		{F856867C-33E6-4E66-5B5B-C222F374C027}.Release|Any CPU.Build.0 = Release|Any CPU
	EndGlobalSection
	GlobalSection(SolutionProperties) = preSolution
		HideSolutionNode = FALSE
	EndGlobalSection
EndGlobal
